
Microsoft Visual Studio Solution File, Format Version 12.00
# Visual Studio Version 16
VisualStudioVersion = 16.0.32510.428
MinimumVisualStudioVersion = 10.0.40219.1
Project("{FAE04EC0-301F-11D3-BF4B-00C04F79EFBC}") = "базза данных", "базза данных\базза данных.csproj", "{0D89B77E-DB4B-4C53-A2E7-9D09B21084AC}"
EndProject
Global
	GlobalSection(SolutionConfigurationPlatforms) = preSolution
		Debug|Any CPU = Debug|Any CPU
		Release|Any CPU = Release|Any CPU
	EndGlobalSection
	GlobalSection(ProjectConfigurationPlatforms) = postSolution
		{0D89B77E-DB4B-4C53-A2E7-9D09B21084AC}.Debug|Any CPU.ActiveCfg = Debug|Any CPU
		{0D89B77E-DB4B-4C53-A2E7-9D09B21084AC}.Debug|Any CPU.Build.0 = Debug|Any CPU
		{0D89B77E-DB4B-4C53-A2E7-9D09B21084AC}.Release|Any CPU.ActiveCfg = Release|Any CPU
		{0D89B77E-DB4B-4C53-A2E7-9D09B21084AC}.Release|Any CPU.Build.0 = Release|Any CPU
	EndGlobalSection
	GlobalSection(SolutionProperties) = preSolution
		HideSolutionNode = FALSE
	EndGlobalSection
	GlobalSection(ExtensibilityGlobals) = postSolution
		SolutionGuid = {D19C5AAF-072C-48E0-9DCE-CD0C806FBE0D}
	EndGlobalSection
EndGlobal
